{
    "_readme": [
        "This file locks the dependencies of your project to a known state",
        "Read more about it at https://getcomposer.org/doc/01-basic-usage.md#installing-dependencies",
        "This file is @generated automatically"
    ],
    "content-hash": "7da1bc4a9e98a0ca37e62cfad1043b0e",
    "packages": [
        {
            "name": "aranyasen/hl7",
            "version": "2.1.7",
            "source": {
                "type": "git",
                "url": "https://github.com/senaranya/HL7.git",
                "reference": "f4a1cef7d048f888c247d2ff862e832514d39844"
            },
            "dist": {
                "type": "zip",
                "url": "https://api.github.com/repos/senaranya/HL7/zipball/f4a1cef7d048f888c247d2ff862e832514d39844",
                "reference": "f4a1cef7d048f888c247d2ff862e832514d39844",
                "shasum": ""
            },
            "require": {
                "ext-mbstring": "*",
                "php": ">=7.3"
            },
            "require-dev": {
                "dms/phpunit-arraysubset-asserts": "^0.2",
                "ext-pcntl": "*",
                "ext-sockets": "*",
                "phpunit/phpunit": "^9",
                "squizlabs/php_codesniffer": "^3.6"
            },
            "type": "library",
            "extra": {
                "branch-alias": {
                    "dev-master": "0.1.x-dev"
                }
            },
            "autoload": {
                "psr-4": {
                    "Aranyasen\\": "src/"
                }
            },
            "notification-url": "https://packagist.org/downloads/",
            "license": [
                "MIT"
            ],
            "authors": [
                {
                    "name": "Aranya Sen",
                    "email": "sen.aranya@gmail.com",
                    "role": "Owner"
                }
            ],
            "description": "HL7 parser, generator and sender.",
            "support": {
                "issues": "https://github.com/senaranya/HL7/issues",
                "source": "https://github.com/senaranya/HL7/tree/2.1.7"
            },
            "time": "2022-09-17T06:38:34+00:00"
        }
    ],
    "packages-dev": [],
    "aliases": [],
    "minimum-stability": "stable",
    "stability-flags": [],
    "prefer-stable": false,
    "prefer-lowest": false,
    "platform": [],
    "platform-dev": [],
    "plugin-api-version": "2.6.0"
}
